
Microsoft Visual Studio Solution File, Format Version 12.00
# Visual Studio Version 17
VisualStudioVersion = 17.7.34031.279
MinimumVisualStudioVersion = 10.0.40219.1
Project("{54A90642-561A-4BB1-A94E-469ADEE60C69}") = "reactapp", "CWS\reactapp\reactapp.esproj", "{6C941644-CE40-4CCD-A0FD-2A833A77FDB9}"
EndProject
Project("{9A19103F-16F7-4668-BE54-9A1E7A4F7556}") = "webapi", "CWS\webapi\webapi.csproj", "{06F170F8-0554-4D7E-ADCA-FA554D2B0936}"
EndProject
Project("{2150E333-8FDC-42A3-9474-1A3956D46DE8}") = "CWS Modules", "CWS Modules", "{9F5B049B-8EE3-4AEF-AF5F-CDF540682B48}"
EndProject
Project("{FAE04EC0-301F-11D3-BF4B-00C04F79EFBC}") = "Reports", "Reports\Reports.csproj", "{9890BFDC-EF1A-40D2-8703-9F02A670E383}"
EndProject
Project("{FAE04EC0-301F-11D3-BF4B-00C04F79EFBC}") = "CRM", "CRM\CRM.csproj", "{41CA5828-DF74-486A-9DA9-03B8F9E9B259}"
EndProject
Project("{FAE04EC0-301F-11D3-BF4B-00C04F79EFBC}") = "CWSDAL", "CWSDAL\CWSDAL.csproj", "{D5617ACF-2CE4-4CEF-8956-8E4CE875A9CC}"
EndProject
Project("{2150E333-8FDC-42A3-9474-1A3956D46DE8}") = "Unit Tests", "Unit Tests", "{B7FEA11A-20C5-4FA9-8D21-4773A583B628}"
EndProject
Project("{FAE04EC0-301F-11D3-BF4B-00C04F79EFBC}") = "UnitTest.DAL", "UnitTest.DAL\UnitTest.DAL.csproj", "{562147BD-698E-44BB-8780-CBDED91ABAAB}"
EndProject
Global
	GlobalSection(SolutionConfigurationPlatforms) = preSolution
		Debug|Any CPU = Debug|Any CPU
		Debug|ARM = Debug|ARM
		Debug|ARM64 = Debug|ARM64
		Debug|x64 = Debug|x64
		Debug|x86 = Debug|x86
		Release|Any CPU = Release|Any CPU
		Release|ARM = Release|ARM
		Release|ARM64 = Release|ARM64
		Release|x64 = Release|x64
		Release|x86 = Release|x86
	EndGlobalSection
	GlobalSection(ProjectConfigurationPlatforms) = postSolution
		{6C941644-CE40-4CCD-A0FD-2A833A77FDB9}.Debug|Any CPU.ActiveCfg = Debug|Any CPU
		{6C941644-CE40-4CCD-A0FD-2A833A77FDB9}.Debug|Any CPU.Build.0 = Debug|Any CPU
		{6C941644-CE40-4CCD-A0FD-2A833A77FDB9}.Debug|Any CPU.Deploy.0 = Debug|Any CPU
		{6C941644-CE40-4CCD-A0FD-2A833A77FDB9}.Debug|ARM.ActiveCfg = Debug|Any CPU
		{6C941644-CE40-4CCD-A0FD-2A833A77FDB9}.Debug|ARM.Build.0 = Debug|Any CPU
		{6C941644-CE40-4CCD-A0FD-2A833A77FDB9}.Debug|ARM.Deploy.0 = Debug|Any CPU
		{6C941644-CE40-4CCD-A0FD-2A833A77FDB9}.Debug|ARM64.ActiveCfg = Debug|Any CPU
		{6C941644-CE40-4CCD-A0FD-2A833A77FDB9}.Debug|ARM64.Build.0 = Debug|Any CPU
		{6C941644-CE40-4CCD-A0FD-2A833A77FDB9}.Debug|ARM64.Deploy.0 = Debug|Any CPU
		{6C941644-CE40-4CCD-A0FD-2A833A77FDB9}.Debug|x64.ActiveCfg = Debug|Any CPU
		{6C941644-CE40-4CCD-A0FD-2A833A77FDB9}.Debug|x64.Build.0 = Debug|Any CPU
		{6C941644-CE40-4CCD-A0FD-2A833A77FDB9}.Debug|x64.Deploy.0 = Debug|Any CPU
		{6C941644-CE40-4CCD-A0FD-2A833A77FDB9}.Debug|x86.ActiveCfg = Debug|Any CPU
		{6C941644-CE40-4CCD-A0FD-2A833A77FDB9}.Debug|x86.Build.0 = Debug|Any CPU
		{6C941644-CE40-4CCD-A0FD-2A833A77FDB9}.Debug|x86.Deploy.0 = Debug|Any CPU
		{6C941644-CE40-4CCD-A0FD-2A833A77FDB9}.Release|Any CPU.ActiveCfg = Release|Any CPU
		{6C941644-CE40-4CCD-A0FD-2A833A77FDB9}.Release|Any CPU.Build.0 = Release|Any CPU
		{6C941644-CE40-4CCD-A0FD-2A833A77FDB9}.Release|Any CPU.Deploy.0 = Release|Any CPU
		{6C941644-CE40-4CCD-A0FD-2A833A77FDB9}.Release|ARM.ActiveCfg = Release|Any CPU
		{6C941644-CE40-4CCD-A0FD-2A833A77FDB9}.Release|ARM.Build.0 = Release|Any CPU
		{6C941644-CE40-4CCD-A0FD-2A833A77FDB9}.Release|ARM.Deploy.0 = Release|Any CPU
		{6C941644-CE40-4CCD-A0FD-2A833A77FDB9}.Release|ARM64.ActiveCfg = Release|Any CPU
		{6C941644-CE40-4CCD-A0FD-2A833A77FDB9}.Release|ARM64.Build.0 = Release|Any CPU
		{6C941644-CE40-4CCD-A0FD-2A833A77FDB9}.Release|ARM64.Deploy.0 = Release|Any CPU
		{6C941644-CE40-4CCD-A0FD-2A833A77FDB9}.Release|x64.ActiveCfg = Release|Any CPU
		{6C941644-CE40-4CCD-A0FD-2A833A77FDB9}.Release|x64.Build.0 = Release|Any CPU
		{6C941644-CE40-4CCD-A0FD-2A833A77FDB9}.Release|x64.Deploy.0 = Release|Any CPU
		{6C941644-CE40-4CCD-A0FD-2A833A77FDB9}.Release|x86.ActiveCfg = Release|Any CPU
		{6C941644-CE40-4CCD-A0FD-2A833A77FDB9}.Release|x86.Build.0 = Release|Any CPU
		{6C941644-CE40-4CCD-A0FD-2A833A77FDB9}.Release|x86.Deploy.0 = Release|Any CPU
		{06F170F8-0554-4D7E-ADCA-FA554D2B0936}.Debug|Any CPU.ActiveCfg = Debug|Any CPU
		{06F170F8-0554-4D7E-ADCA-FA554D2B0936}.Debug|Any CPU.Build.0 = Debug|Any CPU
		{06F170F8-0554-4D7E-ADCA-FA554D2B0936}.Debug|ARM.ActiveCfg = Debug|Any CPU
		{06F170F8-0554-4D7E-ADCA-FA554D2B0936}.Debug|ARM.Build.0 = Debug|Any CPU
		{06F170F8-0554-4D7E-ADCA-FA554D2B0936}.Debug|ARM64.ActiveCfg = Debug|Any CPU
		{06F170F8-0554-4D7E-ADCA-FA554D2B0936}.Debug|ARM64.Build.0 = Debug|Any CPU
		{06F170F8-0554-4D7E-ADCA-FA554D2B0936}.Debug|x64.ActiveCfg = Debug|Any CPU
		{06F170F8-0554-4D7E-ADCA-FA554D2B0936}.Debug|x64.Build.0 = Debug|Any CPU
		{06F170F8-0554-4D7E-ADCA-FA554D2B0936}.Debug|x86.ActiveCfg = Debug|Any CPU
		{06F170F8-0554-4D7E-ADCA-FA554D2B0936}.Debug|x86.Build.0 = Debug|Any CPU
		{06F170F8-0554-4D7E-ADCA-FA554D2B0936}.Release|Any CPU.ActiveCfg = Release|Any CPU
		{06F170F8-0554-4D7E-ADCA-FA554D2B0936}.Release|Any CPU.Build.0 = Release|Any CPU
		{06F170F8-0554-4D7E-ADCA-FA554D2B0936}.Release|ARM.ActiveCfg = Release|Any CPU
		{06F170F8-0554-4D7E-ADCA-FA554D2B0936}.Release|ARM.Build.0 = Release|Any CPU
		{06F170F8-0554-4D7E-ADCA-FA554D2B0936}.Release|ARM64.ActiveCfg = Release|Any CPU
		{06F170F8-0554-4D7E-ADCA-FA554D2B0936}.Release|ARM64.Build.0 = Release|Any CPU
		{06F170F8-0554-4D7E-ADCA-FA554D2B0936}.Release|x64.ActiveCfg = Release|Any CPU
		{06F170F8-0554-4D7E-ADCA-FA554D2B0936}.Release|x64.Build.0 = Release|Any CPU
		{06F170F8-0554-4D7E-ADCA-FA554D2B0936}.Release|x86.ActiveCfg = Release|Any CPU
		{06F170F8-0554-4D7E-ADCA-FA554D2B0936}.Release|x86.Build.0 = Release|Any CPU
		{9890BFDC-EF1A-40D2-8703-9F02A670E383}.Debug|Any CPU.ActiveCfg = Debug|Any CPU
		{9890BFDC-EF1A-40D2-8703-9F02A670E383}.Debug|Any CPU.Build.0 = Debug|Any CPU
		{9890BFDC-EF1A-40D2-8703-9F02A670E383}.Debug|ARM.ActiveCfg = Debug|ARM
		{9890BFDC-EF1A-40D2-8703-9F02A670E383}.Debug|ARM.Build.0 = Debug|ARM
		{9890BFDC-EF1A-40D2-8703-9F02A670E383}.Debug|ARM64.ActiveCfg = Debug|ARM64
		{9890BFDC-EF1A-40D2-8703-9F02A670E383}.Debug|ARM64.Build.0 = Debug|ARM64
		{9890BFDC-EF1A-40D2-8703-9F02A670E383}.Debug|x64.ActiveCfg = Debug|x64
		{9890BFDC-EF1A-40D2-8703-9F02A670E383}.Debug|x64.Build.0 = Debug|x64
		{9890BFDC-EF1A-40D2-8703-9F02A670E383}.Debug|x86.ActiveCfg = Debug|x86
		{9890BFDC-EF1A-40D2-8703-9F02A670E383}.Debug|x86.Build.0 = Debug|x86
		{9890BFDC-EF1A-40D2-8703-9F02A670E383}.Release|Any CPU.ActiveCfg = Release|Any CPU
		{9890BFDC-EF1A-40D2-8703-9F02A670E383}.Release|Any CPU.Build.0 = Release|Any CPU
		{9890BFDC-EF1A-40D2-8703-9F02A670E383}.Release|ARM.ActiveCfg = Release|ARM
		{9890BFDC-EF1A-40D2-8703-9F02A670E383}.Release|ARM.Build.0 = Release|ARM
		{9890BFDC-EF1A-40D2-8703-9F02A670E383}.Release|ARM64.ActiveCfg = Release|ARM64
		{9890BFDC-EF1A-40D2-8703-9F02A670E383}.Release|ARM64.Build.0 = Release|ARM64
		{9890BFDC-EF1A-40D2-8703-9F02A670E383}.Release|x64.ActiveCfg = Release|x64
		{9890BFDC-EF1A-40D2-8703-9F02A670E383}.Release|x64.Build.0 = Release|x64
		{9890BFDC-EF1A-40D2-8703-9F02A670E383}.Release|x86.ActiveCfg = Release|x86
		{9890BFDC-EF1A-40D2-8703-9F02A670E383}.Release|x86.Build.0 = Release|x86
		{41CA5828-DF74-486A-9DA9-03B8F9E9B259}.Debug|Any CPU.ActiveCfg = Debug|Any CPU
		{41CA5828-DF74-486A-9DA9-03B8F9E9B259}.Debug|Any CPU.Build.0 = Debug|Any CPU
		{41CA5828-DF74-486A-9DA9-03B8F9E9B259}.Debug|ARM.ActiveCfg = Debug|ARM
		{41CA5828-DF74-486A-9DA9-03B8F9E9B259}.Debug|ARM.Build.0 = Debug|ARM
		{41CA5828-DF74-486A-9DA9-03B8F9E9B259}.Debug|ARM64.ActiveCfg = Debug|ARM64
		{41CA5828-DF74-486A-9DA9-03B8F9E9B259}.Debug|ARM64.Build.0 = Debug|ARM64
		{41CA5828-DF74-486A-9DA9-03B8F9E9B259}.Debug|x64.ActiveCfg = Debug|x64
		{41CA5828-DF74-486A-9DA9-03B8F9E9B259}.Debug|x64.Build.0 = Debug|x64
		{41CA5828-DF74-486A-9DA9-03B8F9E9B259}.Debug|x86.ActiveCfg = Debug|x86
		{41CA5828-DF74-486A-9DA9-03B8F9E9B259}.Debug|x86.Build.0 = Debug|x86
		{41CA5828-DF74-486A-9DA9-03B8F9E9B259}.Release|Any CPU.ActiveCfg = Release|Any CPU
		{41CA5828-DF74-486A-9DA9-03B8F9E9B259}.Release|Any CPU.Build.0 = Release|Any CPU
		{41CA5828-DF74-486A-9DA9-03B8F9E9B259}.Release|ARM.ActiveCfg = Release|ARM
		{41CA5828-DF74-486A-9DA9-03B8F9E9B259}.Release|ARM.Build.0 = Release|ARM
		{41CA5828-DF74-486A-9DA9-03B8F9E9B259}.Release|ARM64.ActiveCfg = Release|ARM64
		{41CA5828-DF74-486A-9DA9-03B8F9E9B259}.Release|ARM64.Build.0 = Release|ARM64
		{41CA5828-DF74-486A-9DA9-03B8F9E9B259}.Release|x64.ActiveCfg = Release|x64
		{41CA5828-DF74-486A-9DA9-03B8F9E9B259}.Release|x64.Build.0 = Release|x64
		{41CA5828-DF74-486A-9DA9-03B8F9E9B259}.Release|x86.ActiveCfg = Release|x86
		{41CA5828-DF74-486A-9DA9-03B8F9E9B259}.Release|x86.Build.0 = Release|x86
		{D5617ACF-2CE4-4CEF-8956-8E4CE875A9CC}.Debug|Any CPU.ActiveCfg = Debug|Any CPU
		{D5617ACF-2CE4-4CEF-8956-8E4CE875A9CC}.Debug|Any CPU.Build.0 = Debug|Any CPU
		{D5617ACF-2CE4-4CEF-8956-8E4CE875A9CC}.Debug|ARM.ActiveCfg = Debug|ARM
		{D5617ACF-2CE4-4CEF-8956-8E4CE875A9CC}.Debug|ARM.Build.0 = Debug|ARM
		{D5617ACF-2CE4-4CEF-8956-8E4CE875A9CC}.Debug|ARM64.ActiveCfg = Debug|ARM64
		{D5617ACF-2CE4-4CEF-8956-8E4CE875A9CC}.Debug|ARM64.Build.0 = Debug|ARM64
		{D5617ACF-2CE4-4CEF-8956-8E4CE875A9CC}.Debug|x64.ActiveCfg = Debug|x64
		{D5617ACF-2CE4-4CEF-8956-8E4CE875A9CC}.Debug|x64.Build.0 = Debug|x64
		{D5617ACF-2CE4-4CEF-8956-8E4CE875A9CC}.Debug|x86.ActiveCfg = Debug|x86
		{D5617ACF-2CE4-4CEF-8956-8E4CE875A9CC}.Debug|x86.Build.0 = Debug|x86
		{D5617ACF-2CE4-4CEF-8956-8E4CE875A9CC}.Release|Any CPU.ActiveCfg = Release|Any CPU
		{D5617ACF-2CE4-4CEF-8956-8E4CE875A9CC}.Release|Any CPU.Build.0 = Release|Any CPU
		{D5617ACF-2CE4-4CEF-8956-8E4CE875A9CC}.Release|ARM.ActiveCfg = Release|ARM
		{D5617ACF-2CE4-4CEF-8956-8E4CE875A9CC}.Release|ARM.Build.0 = Release|ARM
		{D5617ACF-2CE4-4CEF-8956-8E4CE875A9CC}.Release|ARM64.ActiveCfg = Release|ARM64
		{D5617ACF-2CE4-4CEF-8956-8E4CE875A9CC}.Release|ARM64.Build.0 = Release|ARM64
		{D5617ACF-2CE4-4CEF-8956-8E4CE875A9CC}.Release|x64.ActiveCfg = Release|x64
		{D5617ACF-2CE4-4CEF-8956-8E4CE875A9CC}.Release|x64.Build.0 = Release|x64
		{D5617ACF-2CE4-4CEF-8956-8E4CE875A9CC}.Release|x86.ActiveCfg = Release|x86
		{D5617ACF-2CE4-4CEF-8956-8E4CE875A9CC}.Release|x86.Build.0 = Release|x86
		{562147BD-698E-44BB-8780-CBDED91ABAAB}.Debug|Any CPU.ActiveCfg = Debug|Any CPU
		{562147BD-698E-44BB-8780-CBDED91ABAAB}.Debug|Any CPU.Build.0 = Debug|Any CPU
		{562147BD-698E-44BB-8780-CBDED91ABAAB}.Debug|ARM.ActiveCfg = Debug|Any CPU
		{562147BD-698E-44BB-8780-CBDED91ABAAB}.Debug|ARM.Build.0 = Debug|Any CPU
		{562147BD-698E-44BB-8780-CBDED91ABAAB}.Debug|ARM64.ActiveCfg = Debug|Any CPU
		{562147BD-698E-44BB-8780-CBDED91ABAAB}.Debug|ARM64.Build.0 = Debug|Any CPU
		{562147BD-698E-44BB-8780-CBDED91ABAAB}.Debug|x64.ActiveCfg = Debug|Any CPU
		{562147BD-698E-44BB-8780-CBDED91ABAAB}.Debug|x64.Build.0 = Debug|Any CPU
		{562147BD-698E-44BB-8780-CBDED91ABAAB}.Debug|x86.ActiveCfg = Debug|Any CPU
		{562147BD-698E-44BB-8780-CBDED91ABAAB}.Debug|x86.Build.0 = Debug|Any CPU
		{562147BD-698E-44BB-8780-CBDED91ABAAB}.Release|Any CPU.ActiveCfg = Release|Any CPU
		{562147BD-698E-44BB-8780-CBDED91ABAAB}.Release|Any CPU.Build.0 = Release|Any CPU
		{562147BD-698E-44BB-8780-CBDED91ABAAB}.Release|ARM.ActiveCfg = Release|Any CPU
		{562147BD-698E-44BB-8780-CBDED91ABAAB}.Release|ARM.Build.0 = Release|Any CPU
		{562147BD-698E-44BB-8780-CBDED91ABAAB}.Release|ARM64.ActiveCfg = Release|Any CPU
		{562147BD-698E-44BB-8780-CBDED91ABAAB}.Release|ARM64.Build.0 = Release|Any CPU
		{562147BD-698E-44BB-8780-CBDED91ABAAB}.Release|x64.ActiveCfg = Release|Any CPU
		{562147BD-698E-44BB-8780-CBDED91ABAAB}.Release|x64.Build.0 = Release|Any CPU
		{562147BD-698E-44BB-8780-CBDED91ABAAB}.Release|x86.ActiveCfg = Release|Any CPU
		{562147BD-698E-44BB-8780-CBDED91ABAAB}.Release|x86.Build.0 = Release|Any CPU
	EndGlobalSection
	GlobalSection(SolutionProperties) = preSolution
		HideSolutionNode = FALSE
	EndGlobalSection
	GlobalSection(NestedProjects) = preSolution
		{9890BFDC-EF1A-40D2-8703-9F02A670E383} = {9F5B049B-8EE3-4AEF-AF5F-CDF540682B48}
		{41CA5828-DF74-486A-9DA9-03B8F9E9B259} = {9F5B049B-8EE3-4AEF-AF5F-CDF540682B48}
		{562147BD-698E-44BB-8780-CBDED91ABAAB} = {B7FEA11A-20C5-4FA9-8D21-4773A583B628}
	EndGlobalSection
	GlobalSection(ExtensibilityGlobals) = postSolution
		SolutionGuid = {71AF10BC-4DF2-4182-89FC-6D15373B162D}
	EndGlobalSection
EndGlobal
